
Microsoft Visual Studio Solution File, Format Version 12.00
# Visual Studio Version 17
VisualStudioVersion = 17.3.32804.467
MinimumVisualStudioVersion = 10.0.40219.1
Project("{FAE04EC0-301F-11D3-BF4B-00C04F79EFBC}") = "oefening_thema1_basis_csharp", "oefening_thema1_basis_csharp\oefening_thema1_basis_csharp.csproj", "{15E19B10-B630-4F52-A4DC-59496AE28E8D}"
EndProject
Global
	GlobalSection(SolutionConfigurationPlatforms) = preSolution
		Debug|Any CPU = Debug|Any CPU
		Release|Any CPU = Release|Any CPU
	EndGlobalSection
	GlobalSection(ProjectConfigurationPlatforms) = postSolution
		{15E19B10-B630-4F52-A4DC-59496AE28E8D}.Debug|Any CPU.ActiveCfg = Debug|Any CPU
		{15E19B10-B630-4F52-A4DC-59496AE28E8D}.Debug|Any CPU.Build.0 = Debug|Any CPU
		{15E19B10-B630-4F52-A4DC-59496AE28E8D}.Release|Any CPU.ActiveCfg = Release|Any CPU
		{15E19B10-B630-4F52-A4DC-59496AE28E8D}.Release|Any CPU.Build.0 = Release|Any CPU
	EndGlobalSection
	GlobalSection(SolutionProperties) = preSolution
		HideSolutionNode = FALSE
	EndGlobalSection
	GlobalSection(ExtensibilityGlobals) = postSolution
		SolutionGuid = {469AF965-BC9A-4FD0-9595-5C72608922CB}
	EndGlobalSection
EndGlobal
